
Microsoft Visual Studio Solution File, Format Version 12.00
# Visual Studio Version 16
VisualStudioVersion = 16.0.31729.503
MinimumVisualStudioVersion = 10.0.40219.1
Project("{FAE04EC0-301F-11D3-BF4B-00C04F79EFBC}") = "Echo Client ex 2", "Echo Client ex 2.csproj", "{9164A400-AC79-4C59-AB5D-DEC707F29A34}"
EndProject
Global
	GlobalSection(SolutionConfigurationPlatforms) = preSolution
		Debug|Any CPU = Debug|Any CPU
		Release|Any CPU = Release|Any CPU
	EndGlobalSection
	GlobalSection(ProjectConfigurationPlatforms) = postSolution
		{9164A400-AC79-4C59-AB5D-DEC707F29A34}.Debug|Any CPU.ActiveCfg = Debug|Any CPU
		{9164A400-AC79-4C59-AB5D-DEC707F29A34}.Debug|Any CPU.Build.0 = Debug|Any CPU
		{9164A400-AC79-4C59-AB5D-DEC707F29A34}.Release|Any CPU.ActiveCfg = Release|Any CPU
		{9164A400-AC79-4C59-AB5D-DEC707F29A34}.Release|Any CPU.Build.0 = Release|Any CPU
	EndGlobalSection
	GlobalSection(SolutionProperties) = preSolution
		HideSolutionNode = FALSE
	EndGlobalSection
	GlobalSection(ExtensibilityGlobals) = postSolution
		SolutionGuid = {73E13EE9-A767-40E4-8E20-239F0FBA1595}
	EndGlobalSection
EndGlobal
